// !$*UTF8*$!
{
	archiveVersion = 1;
	classes = {
	};
	objectVersion = 56;
	objects = {

/* Begin PBXBuildFile section */
		4B4D737D2B59A12400798670 /* AppDelegate.swift in Sources */ = {isa = PBXBuildFile; fileRef = 4B4D737C2B59A12400798670 /* AppDelegate.swift */; };
		4B4D737F2B59A12400798670 /* SceneDelegate.swift in Sources */ = {isa = PBXBuildFile; fileRef = 4B4D737E2B59A12400798670 /* SceneDelegate.swift */; };
		4B4D73812B59A12400798670 /* ViewController.swift in Sources */ = {isa = PBXBuildFile; fileRef = 4B4D73802B59A12400798670 /* ViewController.swift */; };
		4B4D73842B59A12400798670 /* Main.storyboard in Resources */ = {isa = PBXBuildFile; fileRef = 4B4D73822B59A12400798670 /* Main.storyboard */; };
		4B4D73872B59A12400798670 /* FinVista.xcdatamodeld in Sources */ = {isa = PBXBuildFile; fileRef = 4B4D73852B59A12400798670 /* FinVista.xcdatamodeld */; };
		4B4D73892B59A12800798670 /* Assets.xcassets in Resources */ = {isa = PBXBuildFile; fileRef = 4B4D73882B59A12800798670 /* Assets.xcassets */; };
		4B4D738C2B59A12800798670 /* LaunchScreen.storyboard in Resources */ = {isa = PBXBuildFile; fileRef = 4B4D738A2B59A12800798670 /* LaunchScreen.storyboard */; };
		4B4D73972B59A12800798670 /* FinVistaTests.swift in Sources */ = {isa = PBXBuildFile; fileRef = 4B4D73962B59A12800798670 /* FinVistaTests.swift */; };
		4B4D73A12B59A12800798670 /* FinVistaUITests.swift in Sources */ = {isa = PBXBuildFile; fileRef = 4B4D73A02B59A12800798670 /* FinVistaUITests.swift */; };
		4B4D73A32B59A12800798670 /* FinVistaUITestsLaunchTests.swift in Sources */ = {isa = PBXBuildFile; fileRef = 4B4D73A22B59A12800798670 /* FinVistaUITestsLaunchTests.swift */; };
		4B4D73B02B59A18200798670 /* MainViewController.swift in Sources */ = {isa = PBXBuildFile; fileRef = 4B4D73AF2B59A18100798670 /* MainViewController.swift */; };
		4B4D73B62B59A21D00798670 /* DashboardViewController.swift in Sources */ = {isa = PBXBuildFile; fileRef = 4B4D73B52B59A21D00798670 /* DashboardViewController.swift */; };
/* End PBXBuildFile section */

/* Begin PBXContainerItemProxy section */
		4B4D73932B59A12800798670 /* PBXContainerItemProxy */ = {
			isa = PBXContainerItemProxy;
			containerPortal = 4B4D73712B59A12400798670 /* Project object */;
			proxyType = 1;
			remoteGlobalIDString = 4B4D73782B59A12400798670;
			remoteInfo = FinVista;
		};
		4B4D739D2B59A12800798670 /* PBXContainerItemProxy */ = {
			isa = PBXContainerItemProxy;
			containerPortal = 4B4D73712B59A12400798670 /* Project object */;
			proxyType = 1;
			remoteGlobalIDString = 4B4D73782B59A12400798670;
			remoteInfo = FinVista;
		};
/* End PBXContainerItemProxy section */

/* Begin PBXFileReference section */
		4B4D73792B59A12400798670 /* FinVista.app */ = {isa = PBXFileReference; explicitFileType = wrapper.application; includeInIndex = 0; path = FinVista.app; sourceTree = BUILT_PRODUCTS_DIR; };
		4B4D737C2B59A12400798670 /* AppDelegate.swift */ = {isa = PBXFileReference; lastKnownFileType = sourcecode.swift; path = AppDelegate.swift; sourceTree = "<group>"; };
		4B4D737E2B59A12400798670 /* SceneDelegate.swift */ = {isa = PBXFileReference; lastKnownFileType = sourcecode.swift; path = SceneDelegate.swift; sourceTree = "<group>"; };
		4B4D73802B59A12400798670 /* ViewController.swift */ = {isa = PBXFileReference; lastKnownFileType = sourcecode.swift; path = ViewController.swift; sourceTree = "<group>"; };
		4B4D73832B59A12400798670 /* Base */ = {isa = PBXFileReference; lastKnownFileType = file.storyboard; name = Base; path = Base.lproj/Main.storyboard; sourceTree = "<group>"; };
		4B4D73862B59A12400798670 /* FinVista.xcdatamodel */ = {isa = PBXFileReference; lastKnownFileType = wrapper.xcdatamodel; path = FinVista.xcdatamodel; sourceTree = "<group>"; };
		4B4D73882B59A12800798670 /* Assets.xcassets */ = {isa = PBXFileReference; lastKnownFileType = folder.assetcatalog; path = Assets.xcassets; sourceTree = "<group>"; };
		4B4D738B2B59A12800798670 /* Base */ = {isa = PBXFileReference; lastKnownFileType = file.storyboard; name = Base; path = Base.lproj/LaunchScreen.storyboard; sourceTree = "<group>"; };
		4B4D738D2B59A12800798670 /* Info.plist */ = {isa = PBXFileReference; lastKnownFileType = text.plist.xml; path = Info.plist; sourceTree = "<group>"; };
		4B4D73922B59A12800798670 /* FinVistaTests.xctest */ = {isa = PBXFileReference; explicitFileType = wrapper.cfbundle; includeInIndex = 0; path = FinVistaTests.xctest; sourceTree = BUILT_PRODUCTS_DIR; };
		4B4D73962B59A12800798670 /* FinVistaTests.swift */ = {isa = PBXFileReference; lastKnownFileType = sourcecode.swift; path = FinVistaTests.swift; sourceTree = "<group>"; };
		4B4D739C2B59A12800798670 /* FinVistaUITests.xctest */ = {isa = PBXFileReference; explicitFileType = wrapper.cfbundle; includeInIndex = 0; path = FinVistaUITests.xctest; sourceTree = BUILT_PRODUCTS_DIR; };
		4B4D73A02B59A12800798670 /* FinVistaUITests.swift */ = {isa = PBXFileReference; lastKnownFileType = sourcecode.swift; path = FinVistaUITests.swift; sourceTree = "<group>"; };
		4B4D73A22B59A12800798670 /* FinVistaUITestsLaunchTests.swift */ = {isa = PBXFileReference; lastKnownFileType = sourcecode.swift; path = FinVistaUITestsLaunchTests.swift; sourceTree = "<group>"; };
		4B4D73AF2B59A18100798670 /* MainViewController.swift */ = {isa = PBXFileReference; lastKnownFileType = sourcecode.swift; path = MainViewController.swift; sourceTree = "<group>"; };
		4B4D73B52B59A21D00798670 /* DashboardViewController.swift */ = {isa = PBXFileReference; lastKnownFileType = sourcecode.swift; path = DashboardViewController.swift; sourceTree = "<group>"; };
/* End PBXFileReference section */

/* Begin PBXFrameworksBuildPhase section */
		4B4D73762B59A12400798670 /* Frameworks */ = {
			isa = PBXFrameworksBuildPhase;
			buildActionMask = 2147483647;
			files = (
			);
			runOnlyForDeploymentPostprocessing = 0;
		};
		4B4D738F2B59A12800798670 /* Frameworks */ = {
			isa = PBXFrameworksBuildPhase;
			buildActionMask = 2147483647;
			files = (
			);
			runOnlyForDeploymentPostprocessing = 0;
		};
		4B4D73992B59A12800798670 /* Frameworks */ = {
			isa = PBXFrameworksBuildPhase;
			buildActionMask = 2147483647;
			files = (
			);
			runOnlyForDeploymentPostprocessing = 0;
		};
/* End PBXFrameworksBuildPhase section */

/* Begin PBXGroup section */
		4B4D73702B59A12400798670 = {
			isa = PBXGroup;
			children = (
				4B4D737B2B59A12400798670 /* FinVista */,
				4B4D73952B59A12800798670 /* FinVistaTests */,
				4B4D739F2B59A12800798670 /* FinVistaUITests */,
				4B4D737A2B59A12400798670 /* Products */,
			);
			sourceTree = "<group>";
		};
		4B4D737A2B59A12400798670 /* Products */ = {
			isa = PBXGroup;
			children = (
				4B4D73792B59A12400798670 /* FinVista.app */,
				4B4D73922B59A12800798670 /* FinVistaTests.xctest */,
				4B4D739C2B59A12800798670 /* FinVistaUITests.xctest */,
			);
			name = Products;
			sourceTree = "<group>";
		};
		4B4D737B2B59A12400798670 /* FinVista */ = {
			isa = PBXGroup;
			children = (
				4B4D73B42B59A1D300798670 /* Networking */,
				4B4D73B32B59A1CD00798670 /* Models */,
				4B4D73B22B59A1C500798670 /* Views */,
				4B4D73B12B59A1B500798670 /* ViewContollers */,
				4B4D737C2B59A12400798670 /* AppDelegate.swift */,
				4B4D737E2B59A12400798670 /* SceneDelegate.swift */,
				4B4D73802B59A12400798670 /* ViewController.swift */,
				4B4D73822B59A12400798670 /* Main.storyboard */,
				4B4D73882B59A12800798670 /* Assets.xcassets */,
				4B4D738A2B59A12800798670 /* LaunchScreen.storyboard */,
				4B4D738D2B59A12800798670 /* Info.plist */,
				4B4D73852B59A12400798670 /* FinVista.xcdatamodeld */,
				4B4D73AF2B59A18100798670 /* MainViewController.swift */,
			);
			path = FinVista;
			sourceTree = "<group>";
		};
		4B4D73952B59A12800798670 /* FinVistaTests */ = {
			isa = PBXGroup;
			children = (
				4B4D73962B59A12800798670 /* FinVistaTests.swift */,
			);
			path = FinVistaTests;
			sourceTree = "<group>";
		};
		4B4D739F2B59A12800798670 /* FinVistaUITests */ = {
			isa = PBXGroup;
			children = (
				4B4D73A02B59A12800798670 /* FinVistaUITests.swift */,
				4B4D73A22B59A12800798670 /* FinVistaUITestsLaunchTests.swift */,
			);
			path = FinVistaUITests;
			sourceTree = "<group>";
		};
		4B4D73B12B59A1B500798670 /* ViewContollers */ = {
			isa = PBXGroup;
			children = (
				4B4D73B52B59A21D00798670 /* DashboardViewController.swift */,
			);
			path = ViewContollers;
			sourceTree = "<group>";
		};
		4B4D73B22B59A1C500798670 /* Views */ = {
			isa = PBXGroup;
			children = (
			);
			path = Views;
			sourceTree = "<group>";
		};
		4B4D73B32B59A1CD00798670 /* Models */ = {
			isa = PBXGroup;
			children = (
			);
			path = Models;
			sourceTree = "<group>";
		};
		4B4D73B42B59A1D300798670 /* Networking */ = {
			isa = PBXGroup;
			children = (
			);
			path = Networking;
			sourceTree = "<group>";
		};
/* End PBXGroup section */

/* Begin PBXNativeTarget section */
		4B4D73782B59A12400798670 /* FinVista */ = {
			isa = PBXNativeTarget;
			buildConfigurationList = 4B4D73A62B59A12800798670 /* Build configuration list for PBXNativeTarget "FinVista" */;
			buildPhases = (
				4B4D73752B59A12400798670 /* Sources */,
				4B4D73762B59A12400798670 /* Frameworks */,
				4B4D73772B59A12400798670 /* Resources */,
			);
			buildRules = (
			);
			dependencies = (
			);
			name = FinVista;
			productName = FinVista;
			productReference = 4B4D73792B59A12400798670 /* FinVista.app */;
			productType = "com.apple.product-type.application";
		};
		4B4D73912B59A12800798670 /* FinVistaTests */ = {
			isa = PBXNativeTarget;
			buildConfigurationList = 4B4D73A92B59A12800798670 /* Build configuration list for PBXNativeTarget "FinVistaTests" */;
			buildPhases = (
				4B4D738E2B59A12800798670 /* Sources */,
				4B4D738F2B59A12800798670 /* Frameworks */,
				4B4D73902B59A12800798670 /* Resources */,
			);
			buildRules = (
			);
			dependencies = (
				4B4D73942B59A12800798670 /* PBXTargetDependency */,
			);
			name = FinVistaTests;
			productName = FinVistaTests;
			productReference = 4B4D73922B59A12800798670 /* FinVistaTests.xctest */;
			productType = "com.apple.product-type.bundle.unit-test";
		};
		4B4D739B2B59A12800798670 /* FinVistaUITests */ = {
			isa = PBXNativeTarget;
			buildConfigurationList = 4B4D73AC2B59A12800798670 /* Build configuration list for PBXNativeTarget "FinVistaUITests" */;
			buildPhases = (
				4B4D73982B59A12800798670 /* Sources */,
				4B4D73992B59A12800798670 /* Frameworks */,
				4B4D739A2B59A12800798670 /* Resources */,
			);
			buildRules = (
			);
			dependencies = (
				4B4D739E2B59A12800798670 /* PBXTargetDependency */,
			);
			name = FinVistaUITests;
			productName = FinVistaUITests;
			productReference = 4B4D739C2B59A12800798670 /* FinVistaUITests.xctest */;
			productType = "com.apple.product-type.bundle.ui-testing";
		};
/* End PBXNativeTarget section */

/* Begin PBXProject section */
		4B4D73712B59A12400798670 /* Project object */ = {
			isa = PBXProject;
			attributes = {
				BuildIndependentTargetsInParallel = 1;
				LastSwiftUpdateCheck = 1430;
				LastUpgradeCheck = 1430;
				TargetAttributes = {
					4B4D73782B59A12400798670 = {
						CreatedOnToolsVersion = 14.3;
					};
					4B4D73912B59A12800798670 = {
						CreatedOnToolsVersion = 14.3;
						TestTargetID = 4B4D73782B59A12400798670;
					};
					4B4D739B2B59A12800798670 = {
						CreatedOnToolsVersion = 14.3;
						TestTargetID = 4B4D73782B59A12400798670;
					};
				};
			};
			buildConfigurationList = 4B4D73742B59A12400798670 /* Build configuration list for PBXProject "FinVista" */;
			compatibilityVersion = "Xcode 14.0";
			developmentRegion = en;
			hasScannedForEncodings = 0;
			knownRegions = (
				en,
				Base,
			);
			mainGroup = 4B4D73702B59A12400798670;
			productRefGroup = 4B4D737A2B59A12400798670 /* Products */;
			projectDirPath = "";
			projectRoot = "";
			targets = (
				4B4D73782B59A12400798670 /* FinVista */,
				4B4D73912B59A12800798670 /* FinVistaTests */,
				4B4D739B2B59A12800798670 /* FinVistaUITests */,
			);
		};
/* End PBXProject section */

/* Begin PBXResourcesBuildPhase section */
		4B4D73772B59A12400798670 /* Resources */ = {
			isa = PBXResourcesBuildPhase;
			buildActionMask = 2147483647;
			files = (
				4B4D738C2B59A12800798670 /* LaunchScreen.storyboard in Resources */,
				4B4D73892B59A12800798670 /* Assets.xcassets in Resources */,
				4B4D73842B59A12400798670 /* Main.storyboard in Resources */,
			);
			runOnlyForDeploymentPostprocessing = 0;
		};
		4B4D73902B59A12800798670 /* Resources */ = {
			isa = PBXResourcesBuildPhase;
			buildActionMask = 2147483647;
			files = (
			);
			runOnlyForDeploymentPostprocessing = 0;
		};
		4B4D739A2B59A12800798670 /* Resources */ = {
			isa = PBXResourcesBuildPhase;
			buildActionMask = 2147483647;
			files = (
			);
			runOnlyForDeploymentPostprocessing = 0;
		};
/* End PBXResourcesBuildPhase section */

/* Begin PBXSourcesBuildPhase section */
		4B4D73752B59A12400798670 /* Sources */ = {
			isa = PBXSourcesBuildPhase;
			buildActionMask = 2147483647;
			files = (
				4B4D73812B59A12400798670 /* ViewController.swift in Sources */,
				4B4D73B62B59A21D00798670 /* DashboardViewController.swift in Sources */,
				4B4D73872B59A12400798670 /* FinVista.xcdatamodeld in Sources */,
				4B4D737D2B59A12400798670 /* AppDelegate.swift in Sources */,
				4B4D737F2B59A12400798670 /* SceneDelegate.swift in Sources */,
				4B4D73B02B59A18200798670 /* MainViewController.swift in Sources */,
			);
			runOnlyForDeploymentPostprocessing = 0;
		};
		4B4D738E2B59A12800798670 /* Sources */ = {
			isa = PBXSourcesBuildPhase;
			buildActionMask = 2147483647;
			files = (
				4B4D73972B59A12800798670 /* FinVistaTests.swift in Sources */,
			);
			runOnlyForDeploymentPostprocessing = 0;
		};
		4B4D73982B59A12800798670 /* Sources */ = {
			isa = PBXSourcesBuildPhase;
			buildActionMask = 2147483647;
			files = (
				4B4D73A32B59A12800798670 /* FinVistaUITestsLaunchTests.swift in Sources */,
				4B4D73A12B59A12800798670 /* FinVistaUITests.swift in Sources */,
			);
			runOnlyForDeploymentPostprocessing = 0;
		};
/* End PBXSourcesBuildPhase section */

/* Begin PBXTargetDependency section */
		4B4D73942B59A12800798670 /* PBXTargetDependency */ = {
			isa = PBXTargetDependency;
			target = 4B4D73782B59A12400798670 /* FinVista */;
			targetProxy = 4B4D73932B59A12800798670 /* PBXContainerItemProxy */;
		};
		4B4D739E2B59A12800798670 /* PBXTargetDependency */ = {
			isa = PBXTargetDependency;
			target = 4B4D73782B59A12400798670 /* FinVista */;
			targetProxy = 4B4D739D2B59A12800798670 /* PBXContainerItemProxy */;
		};
/* End PBXTargetDependency section */

/* Begin PBXVariantGroup section */
		4B4D73822B59A12400798670 /* Main.storyboard */ = {
			isa = PBXVariantGroup;
			children = (
				4B4D73832B59A12400798670 /* Base */,
			);
			name = Main.storyboard;
			sourceTree = "<group>";
		};
		4B4D738A2B59A12800798670 /* LaunchScreen.storyboard */ = {
			isa = PBXVariantGroup;
			children = (
				4B4D738B2B59A12800798670 /* Base */,
			);
			name = LaunchScreen.storyboard;
			sourceTree = "<group>";
		};
/* End PBXVariantGroup section */

/* Begin XCBuildConfiguration section */
		4B4D73A42B59A12800798670 /* Debug */ = {
			isa = XCBuildConfiguration;
			buildSettings = {
				ALWAYS_SEARCH_USER_PATHS = NO;
				CLANG_ANALYZER_NONNULL = YES;
				CLANG_ANALYZER_NUMBER_OBJECT_CONVERSION = YES_AGGRESSIVE;
				CLANG_CXX_LANGUAGE_STANDARD = "gnu++20";
				CLANG_ENABLE_MODULES = YES;
				CLANG_ENABLE_OBJC_ARC = YES;
				CLANG_ENABLE_OBJC_WEAK = YES;
				CLANG_WARN_BLOCK_CAPTURE_AUTORELEASING = YES;
				CLANG_WARN_BOOL_CONVERSION = YES;
				CLANG_WARN_COMMA = YES;
				CLANG_WARN_CONSTANT_CONVERSION = YES;
				CLANG_WARN_DEPRECATED_OBJC_IMPLEMENTATIONS = YES;
				CLANG_WARN_DIRECT_OBJC_ISA_USAGE = YES_ERROR;
				CLANG_WARN_DOCUMENTATION_COMMENTS = YES;
				CLANG_WARN_EMPTY_BODY = YES;
				CLANG_WARN_ENUM_CONVERSION = YES;
				CLANG_WARN_INFINITE_RECURSION = YES;
				CLANG_WARN_INT_CONVERSION = YES;
				CLANG_WARN_NON_LITERAL_NULL_CONVERSION = YES;
				CLANG_WARN_OBJC_IMPLICIT_RETAIN_SELF = YES;
				CLANG_WARN_OBJC_LITERAL_CONVERSION = YES;
				CLANG_WARN_OBJC_ROOT_CLASS = YES_ERROR;
				CLANG_WARN_QUOTED_INCLUDE_IN_FRAMEWORK_HEADER = YES;
				CLANG_WARN_RANGE_LOOP_ANALYSIS = YES;
				CLANG_WARN_STRICT_PROTOTYPES = YES;
				CLANG_WARN_SUSPICIOUS_MOVE = YES;
				CLANG_WARN_UNGUARDED_AVAILABILITY = YES_AGGRESSIVE;
				CLANG_WARN_UNREACHABLE_CODE = YES;
				CLANG_WARN__DUPLICATE_METHOD_MATCH = YES;
				COPY_PHASE_STRIP = NO;
				DEBUG_INFORMATION_FORMAT = dwarf;
				ENABLE_STRICT_OBJC_MSGSEND = YES;
				ENABLE_TESTABILITY = YES;
				GCC_C_LANGUAGE_STANDARD = gnu11;
				GCC_DYNAMIC_NO_PIC = NO;
				GCC_NO_COMMON_BLOCKS = YES;
				GCC_OPTIMIZATION_LEVEL = 0;
				GCC_PREPROCESSOR_DEFINITIONS = (
					"DEBUG=1",
					"$(inherited)",
				);
				GCC_WARN_64_TO_32_BIT_CONVERSION = YES;
				GCC_WARN_ABOUT_RETURN_TYPE = YES_ERROR;
				GCC_WARN_UNDECLARED_SELECTOR = YES;
				GCC_WARN_UNINITIALIZED_AUTOS = YES_AGGRESSIVE;
				GCC_WARN_UNUSED_FUNCTION = YES;
				GCC_WARN_UNUSED_VARIABLE = YES;
				IPHONEOS_DEPLOYMENT_TARGET = 16.4;
				MTL_ENABLE_DEBUG_INFO = INCLUDE_SOURCE;
				MTL_FAST_MATH = YES;
				ONLY_ACTIVE_ARCH = YES;
				SDKROOT = iphoneos;
				SWIFT_ACTIVE_COMPILATION_CONDITIONS = DEBUG;
				SWIFT_OPTIMIZATION_LEVEL = "-Onone";
			};
			name = Debug;
		};
		4B4D73A52B59A12800798670 /* Release */ = {
			isa = XCBuildConfiguration;
			buildSettings = {
				ALWAYS_SEARCH_USER_PATHS = NO;
				CLANG_ANALYZER_NONNULL = YES;
				CLANG_ANALYZER_NUMBER_OBJECT_CONVERSION = YES_AGGRESSIVE;
				CLANG_CXX_LANGUAGE_STANDARD = "gnu++20";
				CLANG_ENABLE_MODULES = YES;
				CLANG_ENABLE_OBJC_ARC = YES;
				CLANG_ENABLE_OBJC_WEAK = YES;
				CLANG_WARN_BLOCK_CAPTURE_AUTORELEASING = YES;
				CLANG_WARN_BOOL_CONVERSION = YES;
				CLANG_WARN_COMMA = YES;
				CLANG_WARN_CONSTANT_CONVERSION = YES;
				CLANG_WARN_DEPRECATED_OBJC_IMPLEMENTATIONS = YES;
				CLANG_WARN_DIRECT_OBJC_ISA_USAGE = YES_ERROR;
				CLANG_WARN_DOCUMENTATION_COMMENTS = YES;
				CLANG_WARN_EMPTY_BODY = YES;
				CLANG_WARN_ENUM_CONVERSION = YES;
				CLANG_WARN_INFINITE_RECURSION = YES;
				CLANG_WARN_INT_CONVERSION = YES;
				CLANG_WARN_NON_LITERAL_NULL_CONVERSION = YES;
				CLANG_WARN_OBJC_IMPLICIT_RETAIN_SELF = YES;
				CLANG_WARN_OBJC_LITERAL_CONVERSION = YES;
				CLANG_WARN_OBJC_ROOT_CLASS = YES_ERROR;
				CLANG_WARN_QUOTED_INCLUDE_IN_FRAMEWORK_HEADER = YES;
				CLANG_WARN_RANGE_LOOP_ANALYSIS = YES;
				CLANG_WARN_STRICT_PROTOTYPES = YES;
				CLANG_WARN_SUSPICIOUS_MOVE = YES;
				CLANG_WARN_UNGUARDED_AVAILABILITY = YES_AGGRESSIVE;
				CLANG_WARN_UNREACHABLE_CODE = YES;
				CLANG_WARN__DUPLICATE_METHOD_MATCH = YES;
				COPY_PHASE_STRIP = NO;
				DEBUG_INFORMATION_FORMAT = "dwarf-with-dsym";
				ENABLE_NS_ASSERTIONS = NO;
				ENABLE_STRICT_OBJC_MSGSEND = YES;
				GCC_C_LANGUAGE_STANDARD = gnu11;
				GCC_NO_COMMON_BLOCKS = YES;
				GCC_WARN_64_TO_32_BIT_CONVERSION = YES;
				GCC_WARN_ABOUT_RETURN_TYPE = YES_ERROR;
				GCC_WARN_UNDECLARED_SELECTOR = YES;
				GCC_WARN_UNINITIALIZED_AUTOS = YES_AGGRESSIVE;
				GCC_WARN_UNUSED_FUNCTION = YES;
				GCC_WARN_UNUSED_VARIABLE = YES;
				IPHONEOS_DEPLOYMENT_TARGET = 16.4;
				MTL_ENABLE_DEBUG_INFO = NO;
				MTL_FAST_MATH = YES;
				SDKROOT = iphoneos;
				SWIFT_COMPILATION_MODE = wholemodule;
				SWIFT_OPTIMIZATION_LEVEL = "-O";
				VALIDATE_PRODUCT = YES;
			};
			name = Release;
		};
		4B4D73A72B59A12800798670 /* Debug */ = {
			isa = XCBuildConfiguration;
			buildSettings = {
				ASSETCATALOG_COMPILER_APPICON_NAME = AppIcon;
				ASSETCATALOG_COMPILER_GLOBAL_ACCENT_COLOR_NAME = AccentColor;
				CODE_SIGN_STYLE = Automatic;
				CURRENT_PROJECT_VERSION = 1;
				GENERATE_INFOPLIST_FILE = YES;
				INFOPLIST_FILE = FinVista/Info.plist;
				INFOPLIST_KEY_UIApplicationSupportsIndirectInputEvents = YES;
				INFOPLIST_KEY_UILaunchStoryboardName = LaunchScreen;
				INFOPLIST_KEY_UIMainStoryboardFile = Main;
				INFOPLIST_KEY_UISupportedInterfaceOrientations_iPad = "UIInterfaceOrientationPortrait UIInterfaceOrientationPortraitUpsideDown UIInterfaceOrientationLandscapeLeft UIInterfaceOrientationLandscapeRight";
				INFOPLIST_KEY_UISupportedInterfaceOrientations_iPhone = "UIInterfaceOrientationPortrait UIInterfaceOrientationLandscapeLeft UIInterfaceOrientationLandscapeRight";
				LD_RUNPATH_SEARCH_PATHS = (
					"$(inherited)",
					"@executable_path/Frameworks",
				);
				MARKETING_VERSION = 1.0;
				PRODUCT_BUNDLE_IDENTIFIER = example.FinVista;
				PRODUCT_NAME = "$(TARGET_NAME)";
				SWIFT_EMIT_LOC_STRINGS = YES;
				SWIFT_VERSION = 5.0;
				TARGETED_DEVICE_FAMILY = "1,2";
			};
			name = Debug;
		};
		4B4D73A82B59A12800798670 /* Release */ = {
			isa = XCBuildConfiguration;
			buildSettings = {
				ASSETCATALOG_COMPILER_APPICON_NAME = AppIcon;
				ASSETCATALOG_COMPILER_GLOBAL_ACCENT_COLOR_NAME = AccentColor;
				CODE_SIGN_STYLE = Automatic;
				CURRENT_PROJECT_VERSION = 1;
				GENERATE_INFOPLIST_FILE = YES;
				INFOPLIST_FILE = FinVista/Info.plist;
				INFOPLIST_KEY_UIApplicationSupportsIndirectInputEvents = YES;
				INFOPLIST_KEY_UILaunchStoryboardName = LaunchScreen;
				INFOPLIST_KEY_UIMainStoryboardFile = Main;
				INFOPLIST_KEY_UISupportedInterfaceOrientations_iPad = "UIInterfaceOrientationPortrait UIInterfaceOrientationPortraitUpsideDown UIInterfaceOrientationLandscapeLeft UIInterfaceOrientationLandscapeRight";
				INFOPLIST_KEY_UISupportedInterfaceOrientations_iPhone = "UIInterfaceOrientationPortrait UIInterfaceOrientationLandscapeLeft UIInterfaceOrientationLandscapeRight";
				LD_RUNPATH_SEARCH_PATHS = (
					"$(inherited)",
					"@executable_path/Frameworks",
				);
				MARKETING_VERSION = 1.0;
				PRODUCT_BUNDLE_IDENTIFIER = example.FinVista;
				PRODUCT_NAME = "$(TARGET_NAME)";
				SWIFT_EMIT_LOC_STRINGS = YES;
				SWIFT_VERSION = 5.0;
				TARGETED_DEVICE_FAMILY = "1,2";
			};
			name = Release;
		};
		4B4D73AA2B59A12800798670 /* Debug */ = {
			isa = XCBuildConfiguration;
			buildSettings = {
				ALWAYS_EMBED_SWIFT_STANDARD_LIBRARIES = YES;
				BUNDLE_LOADER = "$(TEST_HOST)";
				CODE_SIGN_STYLE = Automatic;
				CURRENT_PROJECT_VERSION = 1;
				GENERATE_INFOPLIST_FILE = YES;
				IPHONEOS_DEPLOYMENT_TARGET = 16.4;
				MARKETING_VERSION = 1.0;
				PRODUCT_BUNDLE_IDENTIFIER = example.FinVistaTests;
				PRODUCT_NAME = "$(TARGET_NAME)";
				SWIFT_EMIT_LOC_STRINGS = NO;
				SWIFT_VERSION = 5.0;
				TARGETED_DEVICE_FAMILY = "1,2";
				TEST_HOST = "$(BUILT_PRODUCTS_DIR)/FinVista.app/$(BUNDLE_EXECUTABLE_FOLDER_PATH)/FinVista";
			};
			name = Debug;
		};
		4B4D73AB2B59A12800798670 /* Release */ = {
			isa = XCBuildConfiguration;
			buildSettings = {
				ALWAYS_EMBED_SWIFT_STANDARD_LIBRARIES = YES;
				BUNDLE_LOADER = "$(TEST_HOST)";
				CODE_SIGN_STYLE = Automatic;
				CURRENT_PROJECT_VERSION = 1;
				GENERATE_INFOPLIST_FILE = YES;
				IPHONEOS_DEPLOYMENT_TARGET = 16.4;
				MARKETING_VERSION = 1.0;
				PRODUCT_BUNDLE_IDENTIFIER = example.FinVistaTests;
				PRODUCT_NAME = "$(TARGET_NAME)";
				SWIFT_EMIT_LOC_STRINGS = NO;
				SWIFT_VERSION = 5.0;
				TARGETED_DEVICE_FAMILY = "1,2";
				TEST_HOST = "$(BUILT_PRODUCTS_DIR)/FinVista.app/$(BUNDLE_EXECUTABLE_FOLDER_PATH)/FinVista";
			};
			name = Release;
		};
		4B4D73AD2B59A12800798670 /* Debug */ = {
			isa = XCBuildConfiguration;
			buildSettings = {
				ALWAYS_EMBED_SWIFT_STANDARD_LIBRARIES = YES;
				CODE_SIGN_STYLE = Automatic;
				CURRENT_PROJECT_VERSION = 1;
				GENERATE_INFOPLIST_FILE = YES;
				MARKETING_VERSION = 1.0;
				PRODUCT_BUNDLE_IDENTIFIER = example.FinVistaUITests;
				PRODUCT_NAME = "$(TARGET_NAME)";
				SWIFT_EMIT_LOC_STRINGS = NO;
				SWIFT_VERSION = 5.0;
				TARGETED_DEVICE_FAMILY = "1,2";
				TEST_TARGET_NAME = FinVista;
			};
			name = Debug;
		};
		4B4D73AE2B59A12800798670 /* Release */ = {
			isa = XCBuildConfiguration;
			buildSettings = {
				ALWAYS_EMBED_SWIFT_STANDARD_LIBRARIES = YES;
				CODE_SIGN_STYLE = Automatic;
				CURRENT_PROJECT_VERSION = 1;
				GENERATE_INFOPLIST_FILE = YES;
				MARKETING_VERSION = 1.0;
				PRODUCT_BUNDLE_IDENTIFIER = example.FinVistaUITests;
				PRODUCT_NAME = "$(TARGET_NAME)";
				SWIFT_EMIT_LOC_STRINGS = NO;
				SWIFT_VERSION = 5.0;
				TARGETED_DEVICE_FAMILY = "1,2";
				TEST_TARGET_NAME = FinVista;
			};
			name = Release;
		};
/* End XCBuildConfiguration section */

/* Begin XCConfigurationList section */
		4B4D73742B59A12400798670 /* Build configuration list for PBXProject "FinVista" */ = {
			isa = XCConfigurationList;
			buildConfigurations = (
				4B4D73A42B59A12800798670 /* Debug */,
				4B4D73A52B59A12800798670 /* Release */,
			);
			defaultConfigurationIsVisible = 0;
			defaultConfigurationName = Release;
		};
		4B4D73A62B59A12800798670 /* Build configuration list for PBXNativeTarget "FinVista" */ = {
			isa = XCConfigurationList;
			buildConfigurations = (
				4B4D73A72B59A12800798670 /* Debug */,
				4B4D73A82B59A12800798670 /* Release */,
			);
			defaultConfigurationIsVisible = 0;
			defaultConfigurationName = Release;
		};
		4B4D73A92B59A12800798670 /* Build configuration list for PBXNativeTarget "FinVistaTests" */ = {
			isa = XCConfigurationList;
			buildConfigurations = (
				4B4D73AA2B59A12800798670 /* Debug */,
				4B4D73AB2B59A12800798670 /* Release */,
			);
			defaultConfigurationIsVisible = 0;
			defaultConfigurationName = Release;
		};
		4B4D73AC2B59A12800798670 /* Build configuration list for PBXNativeTarget "FinVistaUITests" */ = {
			isa = XCConfigurationList;
			buildConfigurations = (
				4B4D73AD2B59A12800798670 /* Debug */,
				4B4D73AE2B59A12800798670 /* Release */,
			);
			defaultConfigurationIsVisible = 0;
			defaultConfigurationName = Release;
		};
/* End XCConfigurationList section */

/* Begin XCVersionGroup section */
		4B4D73852B59A12400798670 /* FinVista.xcdatamodeld */ = {
			isa = XCVersionGroup;
			children = (
				4B4D73862B59A12400798670 /* FinVista.xcdatamodel */,
			);
			currentVersion = 4B4D73862B59A12400798670 /* FinVista.xcdatamodel */;
			path = FinVista.xcdatamodeld;
			sourceTree = "<group>";
			versionGroupType = wrapper.xcdatamodel;
		};
/* End XCVersionGroup section */
	};
	rootObject = 4B4D73712B59A12400798670 /* Project object */;
}
